
Microsoft Visual Studio Solution File, Format Version 12.00
# Visual Studio Version 16
VisualStudioVersion = 16.0.28729.10
MinimumVisualStudioVersion = 10.0.40219.1
Project("{FAE04EC0-301F-11D3-BF4B-00C04F79EFBC}") = "primszam2", "primszam2\primszam2.csproj", "{4A48FAC2-B26D-4909-BA1E-5C6AE77F5A34}"
EndProject
Global
	GlobalSection(SolutionConfigurationPlatforms) = preSolution
		Debug|Any CPU = Debug|Any CPU
		Release|Any CPU = Release|Any CPU
	EndGlobalSection
	GlobalSection(ProjectConfigurationPlatforms) = postSolution
		{4A48FAC2-B26D-4909-BA1E-5C6AE77F5A34}.Debug|Any CPU.ActiveCfg = Debug|Any CPU
		{4A48FAC2-B26D-4909-BA1E-5C6AE77F5A34}.Debug|Any CPU.Build.0 = Debug|Any CPU
		{4A48FAC2-B26D-4909-BA1E-5C6AE77F5A34}.Release|Any CPU.ActiveCfg = Release|Any CPU
		{4A48FAC2-B26D-4909-BA1E-5C6AE77F5A34}.Release|Any CPU.Build.0 = Release|Any CPU
	EndGlobalSection
	GlobalSection(SolutionProperties) = preSolution
		HideSolutionNode = FALSE
	EndGlobalSection
	GlobalSection(ExtensibilityGlobals) = postSolution
		SolutionGuid = {4724EAB5-FC8A-4AE9-B316-66C6DC61A63F}
	EndGlobalSection
EndGlobal
